
Microsoft Visual Studio Solution File, Format Version 12.00
# Visual Studio Version 17
VisualStudioVersion = 17.11.35327.3
MinimumVisualStudioVersion = 10.0.40219.1
Project("{FAE04EC0-301F-11D3-BF4B-00C04F79EFBC}") = "Fitz Roy", "Fitz Roy\Fitz Roy.csproj", "{C45032B5-258F-488D-8CCE-8EBA646920B2}"
EndProject
Global
	GlobalSection(SolutionConfigurationPlatforms) = preSolution
		Debug|Any CPU = Debug|Any CPU
		Release|Any CPU = Release|Any CPU
	EndGlobalSection
	GlobalSection(ProjectConfigurationPlatforms) = postSolution
		{C45032B5-258F-488D-8CCE-8EBA646920B2}.Debug|Any CPU.ActiveCfg = Debug|Any CPU
		{C45032B5-258F-488D-8CCE-8EBA646920B2}.Debug|Any CPU.Build.0 = Debug|Any CPU
		{C45032B5-258F-488D-8CCE-8EBA646920B2}.Release|Any CPU.ActiveCfg = Release|Any CPU
		{C45032B5-258F-488D-8CCE-8EBA646920B2}.Release|Any CPU.Build.0 = Release|Any CPU
	EndGlobalSection
	GlobalSection(SolutionProperties) = preSolution
		HideSolutionNode = FALSE
	EndGlobalSection
	GlobalSection(ExtensibilityGlobals) = postSolution
		SolutionGuid = {4D3D2940-52C9-47DB-B5B1-1DC8EE3A4BCD}
	EndGlobalSection
EndGlobal
